// !$*UTF8*$!
{
	archiveVersion = 1;
	classes = {
	};
	objectVersion = 46;
	objects = {

/* Begin PBXBuildFile section */
		6A3BD8561A2E7ECB0088757F /* AppDelegate.swift in Sources */ = {isa = PBXBuildFile; fileRef = 6A3BD8551A2E7ECB0088757F /* AppDelegate.swift */; };
		6A3BD8581A2E7ECB0088757F /* ViewController.swift in Sources */ = {isa = PBXBuildFile; fileRef = 6A3BD8571A2E7ECB0088757F /* ViewController.swift */; };
		6A3BD85B1A2E7ECB0088757F /* Main.storyboard in Resources */ = {isa = PBXBuildFile; fileRef = 6A3BD8591A2E7ECB0088757F /* Main.storyboard */; };
		6A3BD85D1A2E7ECB0088757F /* Images.xcassets in Resources */ = {isa = PBXBuildFile; fileRef = 6A3BD85C1A2E7ECB0088757F /* Images.xcassets */; };
		6A3BD8601A2E7ECB0088757F /* LaunchScreen.xib in Resources */ = {isa = PBXBuildFile; fileRef = 6A3BD85E1A2E7ECB0088757F /* LaunchScreen.xib */; };
		6A3BD86C1A2E7ECB0088757F /* BouncerTests.swift in Sources */ = {isa = PBXBuildFile; fileRef = 6A3BD86B1A2E7ECB0088757F /* BouncerTests.swift */; };
		6AE1EFFF1A410C8E003DAACA /* Settings.bundle in Resources */ = {isa = PBXBuildFile; fileRef = 6AE1EFFE1A410C8E003DAACA /* Settings.bundle */; };
/* End PBXBuildFile section */

/* Begin PBXContainerItemProxy section */
		6A3BD8661A2E7ECB0088757F /* PBXContainerItemProxy */ = {
			isa = PBXContainerItemProxy;
			containerPortal = 6A3BD8481A2E7ECB0088757F /* Project object */;
			proxyType = 1;
			remoteGlobalIDString = 6A3BD84F1A2E7ECB0088757F;
			remoteInfo = Bouncer;
		};
/* End PBXContainerItemProxy section */

/* Begin PBXFileReference section */
		6A3BD8501A2E7ECB0088757F /* Bouncer.app */ = {isa = PBXFileReference; explicitFileType = wrapper.application; includeInIndex = 0; path = Bouncer.app; sourceTree = BUILT_PRODUCTS_DIR; };
		6A3BD8541A2E7ECB0088757F /* Info.plist */ = {isa = PBXFileReference; lastKnownFileType = text.plist.xml; path = Info.plist; sourceTree = "<group>"; };
		6A3BD8551A2E7ECB0088757F /* AppDelegate.swift */ = {isa = PBXFileReference; lastKnownFileType = sourcecode.swift; path = AppDelegate.swift; sourceTree = "<group>"; };
		6A3BD8571A2E7ECB0088757F /* ViewController.swift */ = {isa = PBXFileReference; lastKnownFileType = sourcecode.swift; path = ViewController.swift; sourceTree = "<group>"; };
		6A3BD85A1A2E7ECB0088757F /* Base */ = {isa = PBXFileReference; lastKnownFileType = file.storyboard; name = Base; path = Base.lproj/Main.storyboard; sourceTree = "<group>"; };
		6A3BD85C1A2E7ECB0088757F /* Images.xcassets */ = {isa = PBXFileReference; lastKnownFileType = folder.assetcatalog; path = Images.xcassets; sourceTree = "<group>"; };
		6A3BD85F1A2E7ECB0088757F /* Base */ = {isa = PBXFileReference; lastKnownFileType = file.xib; name = Base; path = Base.lproj/LaunchScreen.xib; sourceTree = "<group>"; };
		6A3BD8651A2E7ECB0088757F /* BouncerTests.xctest */ = {isa = PBXFileReference; explicitFileType = wrapper.cfbundle; includeInIndex = 0; path = BouncerTests.xctest; sourceTree = BUILT_PRODUCTS_DIR; };
		6A3BD86A1A2E7ECB0088757F /* Info.plist */ = {isa = PBXFileReference; lastKnownFileType = text.plist.xml; path = Info.plist; sourceTree = "<group>"; };
		6A3BD86B1A2E7ECB0088757F /* BouncerTests.swift */ = {isa = PBXFileReference; lastKnownFileType = sourcecode.swift; path = BouncerTests.swift; sourceTree = "<group>"; };
		6AE1EFFE1A410C8E003DAACA /* Settings.bundle */ = {isa = PBXFileReference; lastKnownFileType = "wrapper.plug-in"; path = Settings.bundle; sourceTree = "<group>"; };
/* End PBXFileReference section */

/* Begin PBXFrameworksBuildPhase section */
		6A3BD84D1A2E7ECB0088757F /* Frameworks */ = {
			isa = PBXFrameworksBuildPhase;
			buildActionMask = 2147483647;
			files = (
			);
			runOnlyForDeploymentPostprocessing = 0;
		};
		6A3BD8621A2E7ECB0088757F /* Frameworks */ = {
			isa = PBXFrameworksBuildPhase;
			buildActionMask = 2147483647;
			files = (
			);
			runOnlyForDeploymentPostprocessing = 0;
		};
/* End PBXFrameworksBuildPhase section */

/* Begin PBXGroup section */
		6A3BD8471A2E7ECB0088757F = {
			isa = PBXGroup;
			children = (
				6A3BD8521A2E7ECB0088757F /* Bouncer */,
				6A3BD8681A2E7ECB0088757F /* BouncerTests */,
				6A3BD8511A2E7ECB0088757F /* Products */,
			);
			sourceTree = "<group>";
		};
		6A3BD8511A2E7ECB0088757F /* Products */ = {
			isa = PBXGroup;
			children = (
				6A3BD8501A2E7ECB0088757F /* Bouncer.app */,
				6A3BD8651A2E7ECB0088757F /* BouncerTests.xctest */,
			);
			name = Products;
			sourceTree = "<group>";
		};
		6A3BD8521A2E7ECB0088757F /* Bouncer */ = {
			isa = PBXGroup;
			children = (
				6A3BD8571A2E7ECB0088757F /* ViewController.swift */,
				6AE1EFFE1A410C8E003DAACA /* Settings.bundle */,
				6A3BD85C1A2E7ECB0088757F /* Images.xcassets */,
				6A3BD8531A2E7ECB0088757F /* Supporting Files */,
			);
			path = Bouncer;
			sourceTree = "<group>";
		};
		6A3BD8531A2E7ECB0088757F /* Supporting Files */ = {
			isa = PBXGroup;
			children = (
				6A3BD8551A2E7ECB0088757F /* AppDelegate.swift */,
				6A3BD8591A2E7ECB0088757F /* Main.storyboard */,
				6A3BD85E1A2E7ECB0088757F /* LaunchScreen.xib */,
				6A3BD8541A2E7ECB0088757F /* Info.plist */,
			);
			name = "Supporting Files";
			sourceTree = "<group>";
		};
		6A3BD8681A2E7ECB0088757F /* BouncerTests */ = {
			isa = PBXGroup;
			children = (
				6A3BD86B1A2E7ECB0088757F /* BouncerTests.swift */,
				6A3BD8691A2E7ECB0088757F /* Supporting Files */,
			);
			path = BouncerTests;
			sourceTree = "<group>";
		};
		6A3BD8691A2E7ECB0088757F /* Supporting Files */ = {
			isa = PBXGroup;
			children = (
				6A3BD86A1A2E7ECB0088757F /* Info.plist */,
			);
			name = "Supporting Files";
			sourceTree = "<group>";
		};
/* End PBXGroup section */

/* Begin PBXNativeTarget section */
		6A3BD84F1A2E7ECB0088757F /* Bouncer */ = {
			isa = PBXNativeTarget;
			buildConfigurationList = 6A3BD86F1A2E7ECB0088757F /* Build configuration list for PBXNativeTarget "Bouncer" */;
			buildPhases = (
				6A3BD84C1A2E7ECB0088757F /* Sources */,
				6A3BD84D1A2E7ECB0088757F /* Frameworks */,
				6A3BD84E1A2E7ECB0088757F /* Resources */,
			);
			buildRules = (
			);
			dependencies = (
			);
			name = Bouncer;
			productName = Bouncer;
			productReference = 6A3BD8501A2E7ECB0088757F /* Bouncer.app */;
			productType = "com.apple.product-type.application";
		};
		6A3BD8641A2E7ECB0088757F /* BouncerTests */ = {
			isa = PBXNativeTarget;
			buildConfigurationList = 6A3BD8721A2E7ECB0088757F /* Build configuration list for PBXNativeTarget "BouncerTests" */;
			buildPhases = (
				6A3BD8611A2E7ECB0088757F /* Sources */,
				6A3BD8621A2E7ECB0088757F /* Frameworks */,
				6A3BD8631A2E7ECB0088757F /* Resources */,
			);
			buildRules = (
			);
			dependencies = (
				6A3BD8671A2E7ECB0088757F /* PBXTargetDependency */,
			);
			name = BouncerTests;
			productName = BouncerTests;
			productReference = 6A3BD8651A2E7ECB0088757F /* BouncerTests.xctest */;
			productType = "com.apple.product-type.bundle.unit-test";
		};
/* End PBXNativeTarget section */

/* Begin PBXProject section */
		6A3BD8481A2E7ECB0088757F /* Project object */ = {
			isa = PBXProject;
			attributes = {
				LastUpgradeCheck = 0610;
				ORGANIZATIONNAME = "Afonso Graça";
				TargetAttributes = {
					6A3BD84F1A2E7ECB0088757F = {
						CreatedOnToolsVersion = 6.1.1;
					};
					6A3BD8641A2E7ECB0088757F = {
						CreatedOnToolsVersion = 6.1.1;
						TestTargetID = 6A3BD84F1A2E7ECB0088757F;
					};
				};
			};
			buildConfigurationList = 6A3BD84B1A2E7ECB0088757F /* Build configuration list for PBXProject "Bouncer" */;
			compatibilityVersion = "Xcode 3.2";
			developmentRegion = English;
			hasScannedForEncodings = 0;
			knownRegions = (
				en,
				Base,
			);
			mainGroup = 6A3BD8471A2E7ECB0088757F;
			productRefGroup = 6A3BD8511A2E7ECB0088757F /* Products */;
			projectDirPath = "";
			projectRoot = "";
			targets = (
				6A3BD84F1A2E7ECB0088757F /* Bouncer */,
				6A3BD8641A2E7ECB0088757F /* BouncerTests */,
			);
		};
/* End PBXProject section */

/* Begin PBXResourcesBuildPhase section */
		6A3BD84E1A2E7ECB0088757F /* Resources */ = {
			isa = PBXResourcesBuildPhase;
			buildActionMask = 2147483647;
			files = (
				6AE1EFFF1A410C8E003DAACA /* Settings.bundle in Resources */,
				6A3BD85B1A2E7ECB0088757F /* Main.storyboard in Resources */,
				6A3BD8601A2E7ECB0088757F /* LaunchScreen.xib in Resources */,
				6A3BD85D1A2E7ECB0088757F /* Images.xcassets in Resources */,
			);
			runOnlyForDeploymentPostprocessing = 0;
		};
		6A3BD8631A2E7ECB0088757F /* Resources */ = {
			isa = PBXResourcesBuildPhase;
			buildActionMask = 2147483647;
			files = (
			);
			runOnlyForDeploymentPostprocessing = 0;
		};
/* End PBXResourcesBuildPhase section */

/* Begin PBXSourcesBuildPhase section */
		6A3BD84C1A2E7ECB0088757F /* Sources */ = {
			isa = PBXSourcesBuildPhase;
			buildActionMask = 2147483647;
			files = (
				6A3BD8581A2E7ECB0088757F /* ViewController.swift in Sources */,
				6A3BD8561A2E7ECB0088757F /* AppDelegate.swift in Sources */,
			);
			runOnlyForDeploymentPostprocessing = 0;
		};
		6A3BD8611A2E7ECB0088757F /* Sources */ = {
			isa = PBXSourcesBuildPhase;
			buildActionMask = 2147483647;
			files = (
				6A3BD86C1A2E7ECB0088757F /* BouncerTests.swift in Sources */,
			);
			runOnlyForDeploymentPostprocessing = 0;
		};
/* End PBXSourcesBuildPhase section */

/* Begin PBXTargetDependency section */
		6A3BD8671A2E7ECB0088757F /* PBXTargetDependency */ = {
			isa = PBXTargetDependency;
			target = 6A3BD84F1A2E7ECB0088757F /* Bouncer */;
			targetProxy = 6A3BD8661A2E7ECB0088757F /* PBXContainerItemProxy */;
		};
/* End PBXTargetDependency section */

/* Begin PBXVariantGroup section */
		6A3BD8591A2E7ECB0088757F /* Main.storyboard */ = {
			isa = PBXVariantGroup;
			children = (
				6A3BD85A1A2E7ECB0088757F /* Base */,
			);
			name = Main.storyboard;
			sourceTree = "<group>";
		};
		6A3BD85E1A2E7ECB0088757F /* LaunchScreen.xib */ = {
			isa = PBXVariantGroup;
			children = (
				6A3BD85F1A2E7ECB0088757F /* Base */,
			);
			name = LaunchScreen.xib;
			sourceTree = "<group>";
		};
/* End PBXVariantGroup section */

/* Begin XCBuildConfiguration section */
		6A3BD86D1A2E7ECB0088757F /* Debug */ = {
			isa = XCBuildConfiguration;
			buildSettings = {
				ALWAYS_SEARCH_USER_PATHS = NO;
				CLANG_CXX_LANGUAGE_STANDARD = "gnu++0x";
				CLANG_CXX_LIBRARY = "libc++";
				CLANG_ENABLE_MODULES = YES;
				CLANG_ENABLE_OBJC_ARC = YES;
				CLANG_WARN_BOOL_CONVERSION = YES;
				CLANG_WARN_CONSTANT_CONVERSION = YES;
				CLANG_WARN_DIRECT_OBJC_ISA_USAGE = YES_ERROR;
				CLANG_WARN_EMPTY_BODY = YES;
				CLANG_WARN_ENUM_CONVERSION = YES;
				CLANG_WARN_INT_CONVERSION = YES;
				CLANG_WARN_OBJC_ROOT_CLASS = YES_ERROR;
				CLANG_WARN_UNREACHABLE_CODE = YES;
				CLANG_WARN__DUPLICATE_METHOD_MATCH = YES;
				"CODE_SIGN_IDENTITY[sdk=iphoneos*]" = "iPhone Developer";
				COPY_PHASE_STRIP = NO;
				ENABLE_STRICT_OBJC_MSGSEND = YES;
				GCC_C_LANGUAGE_STANDARD = gnu99;
				GCC_DYNAMIC_NO_PIC = NO;
				GCC_OPTIMIZATION_LEVEL = 0;
				GCC_PREPROCESSOR_DEFINITIONS = (
					"DEBUG=1",
					"$(inherited)",
				);
				GCC_SYMBOLS_PRIVATE_EXTERN = NO;
				GCC_WARN_64_TO_32_BIT_CONVERSION = YES;
				GCC_WARN_ABOUT_RETURN_TYPE = YES_ERROR;
				GCC_WARN_UNDECLARED_SELECTOR = YES;
				GCC_WARN_UNINITIALIZED_AUTOS = YES_AGGRESSIVE;
				GCC_WARN_UNUSED_FUNCTION = YES;
				GCC_WARN_UNUSED_VARIABLE = YES;
				IPHONEOS_DEPLOYMENT_TARGET = 8.1;
				MTL_ENABLE_DEBUG_INFO = YES;
				ONLY_ACTIVE_ARCH = YES;
				SDKROOT = iphoneos;
				SWIFT_OPTIMIZATION_LEVEL = "-Onone";
				TARGETED_DEVICE_FAMILY = "1,2";
			};
			name = Debug;
		};
		6A3BD86E1A2E7ECB0088757F /* Release */ = {
			isa = XCBuildConfiguration;
			buildSettings = {
				ALWAYS_SEARCH_USER_PATHS = NO;
				CLANG_CXX_LANGUAGE_STANDARD = "gnu++0x";
				CLANG_CXX_LIBRARY = "libc++";
				CLANG_ENABLE_MODULES = YES;
				CLANG_ENABLE_OBJC_ARC = YES;
				CLANG_WARN_BOOL_CONVERSION = YES;
				CLANG_WARN_CONSTANT_CONVERSION = YES;
				CLANG_WARN_DIRECT_OBJC_ISA_USAGE = YES_ERROR;
				CLANG_WARN_EMPTY_BODY = YES;
				CLANG_WARN_ENUM_CONVERSION = YES;
				CLANG_WARN_INT_CONVERSION = YES;
				CLANG_WARN_OBJC_ROOT_CLASS = YES_ERROR;
				CLANG_WARN_UNREACHABLE_CODE = YES;
				CLANG_WARN__DUPLICATE_METHOD_MATCH = YES;
				"CODE_SIGN_IDENTITY[sdk=iphoneos*]" = "iPhone Developer";
				COPY_PHASE_STRIP = YES;
				ENABLE_NS_ASSERTIONS = NO;
				ENABLE_STRICT_OBJC_MSGSEND = YES;
				GCC_C_LANGUAGE_STANDARD = gnu99;
				GCC_WARN_64_TO_32_BIT_CONVERSION = YES;
				GCC_WARN_ABOUT_RETURN_TYPE = YES_ERROR;
				GCC_WARN_UNDECLARED_SELECTOR = YES;
				GCC_WARN_UNINITIALIZED_AUTOS = YES_AGGRESSIVE;
				GCC_WARN_UNUSED_FUNCTION = YES;
				GCC_WARN_UNUSED_VARIABLE = YES;
				IPHONEOS_DEPLOYMENT_TARGET = 8.1;
				MTL_ENABLE_DEBUG_INFO = NO;
				SDKROOT = iphoneos;
				TARGETED_DEVICE_FAMILY = "1,2";
				VALIDATE_PRODUCT = YES;
			};
			name = Release;
		};
		6A3BD8701A2E7ECB0088757F /* Debug */ = {
			isa = XCBuildConfiguration;
			buildSettings = {
				ASSETCATALOG_COMPILER_APPICON_NAME = AppIcon;
				INFOPLIST_FILE = Bouncer/Info.plist;
				LD_RUNPATH_SEARCH_PATHS = "$(inherited) @executable_path/Frameworks";
				PRODUCT_NAME = "$(TARGET_NAME)";
			};
			name = Debug;
		};
		6A3BD8711A2E7ECB0088757F /* Release */ = {
			isa = XCBuildConfiguration;
			buildSettings = {
				ASSETCATALOG_COMPILER_APPICON_NAME = AppIcon;
				INFOPLIST_FILE = Bouncer/Info.plist;
				LD_RUNPATH_SEARCH_PATHS = "$(inherited) @executable_path/Frameworks";
				PRODUCT_NAME = "$(TARGET_NAME)";
			};
			name = Release;
		};
		6A3BD8731A2E7ECB0088757F /* Debug */ = {
			isa = XCBuildConfiguration;
			buildSettings = {
				BUNDLE_LOADER = "$(TEST_HOST)";
				FRAMEWORK_SEARCH_PATHS = (
					"$(SDKROOT)/Developer/Library/Frameworks",
					"$(inherited)",
				);
				GCC_PREPROCESSOR_DEFINITIONS = (
					"DEBUG=1",
					"$(inherited)",
				);
				INFOPLIST_FILE = BouncerTests/Info.plist;
				LD_RUNPATH_SEARCH_PATHS = "$(inherited) @executable_path/Frameworks @loader_path/Frameworks";
				PRODUCT_NAME = "$(TARGET_NAME)";
				TEST_HOST = "$(BUILT_PRODUCTS_DIR)/Bouncer.app/Bouncer";
			};
			name = Debug;
		};
		6A3BD8741A2E7ECB0088757F /* Release */ = {
			isa = XCBuildConfiguration;
			buildSettings = {
				BUNDLE_LOADER = "$(TEST_HOST)";
				FRAMEWORK_SEARCH_PATHS = (
					"$(SDKROOT)/Developer/Library/Frameworks",
					"$(inherited)",
				);
				INFOPLIST_FILE = BouncerTests/Info.plist;
				LD_RUNPATH_SEARCH_PATHS = "$(inherited) @executable_path/Frameworks @loader_path/Frameworks";
				PRODUCT_NAME = "$(TARGET_NAME)";
				TEST_HOST = "$(BUILT_PRODUCTS_DIR)/Bouncer.app/Bouncer";
			};
			name = Release;
		};
/* End XCBuildConfiguration section */

/* Begin XCConfigurationList section */
		6A3BD84B1A2E7ECB0088757F /* Build configuration list for PBXProject "Bouncer" */ = {
			isa = XCConfigurationList;
			buildConfigurations = (
				6A3BD86D1A2E7ECB0088757F /* Debug */,
				6A3BD86E1A2E7ECB0088757F /* Release */,
			);
			defaultConfigurationIsVisible = 0;
			defaultConfigurationName = Release;
		};
		6A3BD86F1A2E7ECB0088757F /* Build configuration list for PBXNativeTarget "Bouncer" */ = {
			isa = XCConfigurationList;
			buildConfigurations = (
				6A3BD8701A2E7ECB0088757F /* Debug */,
				6A3BD8711A2E7ECB0088757F /* Release */,
			);
			defaultConfigurationIsVisible = 0;
			defaultConfigurationName = Release;
		};
		6A3BD8721A2E7ECB0088757F /* Build configuration list for PBXNativeTarget "BouncerTests" */ = {
			isa = XCConfigurationList;
			buildConfigurations = (
				6A3BD8731A2E7ECB0088757F /* Debug */,
				6A3BD8741A2E7ECB0088757F /* Release */,
			);
			defaultConfigurationIsVisible = 0;
			defaultConfigurationName = Release;
		};
/* End XCConfigurationList section */
	};
	rootObject = 6A3BD8481A2E7ECB0088757F /* Project object */;
}
