// !$*UTF8*$!
{
	archiveVersion = 1;
	classes = {
	};
	objectVersion = 46;
	objects = {

/* Begin PBXBuildFile section */
		6A0867301A1C163C00E1FF24 /* URLViewController.swift in Sources */ = {isa = PBXBuildFile; fileRef = 6A08672F1A1C163C00E1FF24 /* URLViewController.swift */; };
		6A402CCF1A25495E003FEC7B /* PhotosByPhotographerMapViewController.swift in Sources */ = {isa = PBXBuildFile; fileRef = 6A402CCE1A25495E003FEC7B /* PhotosByPhotographerMapViewController.swift */; };
		6A402CD11A254B10003FEC7B /* MapKit.framework in Frameworks */ = {isa = PBXBuildFile; fileRef = 6A402CD01A254B10003FEC7B /* MapKit.framework */; };
		6A402CD51A254F72003FEC7B /* Photo+Annotation.swift in Sources */ = {isa = PBXBuildFile; fileRef = 6A402CD41A254F72003FEC7B /* Photo+Annotation.swift */; };
		6A72841D1A1960A400642E3F /* ImageViewController.swift in Sources */ = {isa = PBXBuildFile; fileRef = 6A72841C1A1960A400642E3F /* ImageViewController.swift */; };
		6A72841F1A19627F00642E3F /* PhotosByPhotographerCDTVC.swift in Sources */ = {isa = PBXBuildFile; fileRef = 6A72841E1A19627F00642E3F /* PhotosByPhotographerCDTVC.swift */; };
		6A7284211A1AACE800642E3F /* PhotosCDTVC.swift in Sources */ = {isa = PBXBuildFile; fileRef = 6A7284201A1AACE800642E3F /* PhotosCDTVC.swift */; };
		6A9B25161A2D298C005C1762 /* AddPhotoViewController.swift in Sources */ = {isa = PBXBuildFile; fileRef = 6A9B25151A2D298C005C1762 /* AddPhotoViewController.swift */; };
		6A9B251A1A2D4670005C1762 /* UIImage+CS193p.m in Sources */ = {isa = PBXBuildFile; fileRef = 6A9B25191A2D4670005C1762 /* UIImage+CS193p.m */; };
		6A9DB3A31A12DE3F00F7B93C /* PhotoDatabaseAvailability.swift in Sources */ = {isa = PBXBuildFile; fileRef = 6A9DB3A21A12DE3F00F7B93C /* PhotoDatabaseAvailability.swift */; };
		6AE1EFE01A4101FE003DAACA /* InfoPlist.strings in Resources */ = {isa = PBXBuildFile; fileRef = 6AE1EFE21A4101FE003DAACA /* InfoPlist.strings */; };
		6AE1EFE51A4101FE003DAACA /* AddPhotoViewController.strings in Resources */ = {isa = PBXBuildFile; fileRef = 6AE1EFE71A4101FE003DAACA /* AddPhotoViewController.strings */; };
		6AE1EFEA1A4101FE003DAACA /* InfoPlist.strings in Resources */ = {isa = PBXBuildFile; fileRef = 6AE1EFEC1A4101FE003DAACA /* InfoPlist.strings */; };
		6AE1EFF91A4107F2003DAACA /* Entities.strings in Resources */ = {isa = PBXBuildFile; fileRef = 6AE1EFFB1A4107F2003DAACA /* Entities.strings */; };
		6AEEE9AF1A101C4700A075DF /* AppDelegate.swift in Sources */ = {isa = PBXBuildFile; fileRef = 6AEEE9AE1A101C4700A075DF /* AppDelegate.swift */; };
		6AEEE9B21A101C4700A075DF /* Photomania.xcdatamodeld in Sources */ = {isa = PBXBuildFile; fileRef = 6AEEE9B01A101C4700A075DF /* Photomania.xcdatamodeld */; };
		6AEEE9B41A101C4700A075DF /* ViewController.swift in Sources */ = {isa = PBXBuildFile; fileRef = 6AEEE9B31A101C4700A075DF /* ViewController.swift */; };
		6AEEE9B71A101C4700A075DF /* Main.storyboard in Resources */ = {isa = PBXBuildFile; fileRef = 6AEEE9B51A101C4700A075DF /* Main.storyboard */; };
		6AEEE9B91A101C4700A075DF /* Images.xcassets in Resources */ = {isa = PBXBuildFile; fileRef = 6AEEE9B81A101C4700A075DF /* Images.xcassets */; };
		6AEEE9BC1A101C4700A075DF /* LaunchScreen.xib in Resources */ = {isa = PBXBuildFile; fileRef = 6AEEE9BA1A101C4700A075DF /* LaunchScreen.xib */; };
		6AEEE9C81A101C4800A075DF /* PhotomaniaTests.swift in Sources */ = {isa = PBXBuildFile; fileRef = 6AEEE9C71A101C4800A075DF /* PhotomaniaTests.swift */; };
		6AEEE9D21A101CED00A075DF /* Photo.swift in Sources */ = {isa = PBXBuildFile; fileRef = 6AEEE9D11A101CED00A075DF /* Photo.swift */; };
		6AEEE9D41A101CED00A075DF /* Photographer.swift in Sources */ = {isa = PBXBuildFile; fileRef = 6AEEE9D31A101CED00A075DF /* Photographer.swift */; };
		6AEEE9D81A101D3200A075DF /* Photo+Flickr.swift in Sources */ = {isa = PBXBuildFile; fileRef = 6AEEE9D71A101D3200A075DF /* Photo+Flickr.swift */; };
		6AEEE9DE1A10203100A075DF /* FlickrFetcher.m in Sources */ = {isa = PBXBuildFile; fileRef = 6AEEE9DC1A10203100A075DF /* FlickrFetcher.m */; };
		6AEEE9E11A1029CA00A075DF /* Photographer+Create.swift in Sources */ = {isa = PBXBuildFile; fileRef = 6AEEE9E01A1029CA00A075DF /* Photographer+Create.swift */; };
		6AEEE9E81A1160F600A075DF /* CoreDataTableViewController.m in Sources */ = {isa = PBXBuildFile; fileRef = 6AEEE9E41A1160F600A075DF /* CoreDataTableViewController.m */; };
		6AEEE9EB1A11617100A075DF /* PhotographersCDTVC.swift in Sources */ = {isa = PBXBuildFile; fileRef = 6AEEE9EA1A11617100A075DF /* PhotographersCDTVC.swift */; };
		6AEEE9F01A11725D00A075DF /* AppDelegate+MOC.swift in Sources */ = {isa = PBXBuildFile; fileRef = 6AEEE9EF1A11725D00A075DF /* AppDelegate+MOC.swift */; };
/* End PBXBuildFile section */

/* Begin PBXContainerItemProxy section */
		6AEEE9C21A101C4800A075DF /* PBXContainerItemProxy */ = {
			isa = PBXContainerItemProxy;
			containerPortal = 6AEEE9A11A101C4700A075DF /* Project object */;
			proxyType = 1;
			remoteGlobalIDString = 6AEEE9A81A101C4700A075DF;
			remoteInfo = Photomania;
		};
/* End PBXContainerItemProxy section */

/* Begin PBXFileReference section */
		6A08672F1A1C163C00E1FF24 /* URLViewController.swift */ = {isa = PBXFileReference; fileEncoding = 4; lastKnownFileType = sourcecode.swift; path = URLViewController.swift; sourceTree = "<group>"; };
		6A402CCE1A25495E003FEC7B /* PhotosByPhotographerMapViewController.swift */ = {isa = PBXFileReference; fileEncoding = 4; lastKnownFileType = sourcecode.swift; path = PhotosByPhotographerMapViewController.swift; sourceTree = "<group>"; };
		6A402CD01A254B10003FEC7B /* MapKit.framework */ = {isa = PBXFileReference; lastKnownFileType = wrapper.framework; name = MapKit.framework; path = System/Library/Frameworks/MapKit.framework; sourceTree = SDKROOT; };
		6A402CD41A254F72003FEC7B /* Photo+Annotation.swift */ = {isa = PBXFileReference; fileEncoding = 4; lastKnownFileType = sourcecode.swift; path = "Photo+Annotation.swift"; sourceTree = "<group>"; };
		6A72841C1A1960A400642E3F /* ImageViewController.swift */ = {isa = PBXFileReference; fileEncoding = 4; lastKnownFileType = sourcecode.swift; path = ImageViewController.swift; sourceTree = "<group>"; };
		6A72841E1A19627F00642E3F /* PhotosByPhotographerCDTVC.swift */ = {isa = PBXFileReference; fileEncoding = 4; lastKnownFileType = sourcecode.swift; path = PhotosByPhotographerCDTVC.swift; sourceTree = "<group>"; };
		6A7284201A1AACE800642E3F /* PhotosCDTVC.swift */ = {isa = PBXFileReference; fileEncoding = 4; lastKnownFileType = sourcecode.swift; path = PhotosCDTVC.swift; sourceTree = "<group>"; };
		6A9B25151A2D298C005C1762 /* AddPhotoViewController.swift */ = {isa = PBXFileReference; fileEncoding = 4; lastKnownFileType = sourcecode.swift; path = AddPhotoViewController.swift; sourceTree = "<group>"; };
		6A9B25181A2D4670005C1762 /* UIImage+CS193p.h */ = {isa = PBXFileReference; fileEncoding = 4; lastKnownFileType = sourcecode.c.h; path = "UIImage+CS193p.h"; sourceTree = "<group>"; };
		6A9B25191A2D4670005C1762 /* UIImage+CS193p.m */ = {isa = PBXFileReference; fileEncoding = 4; lastKnownFileType = sourcecode.c.objc; path = "UIImage+CS193p.m"; sourceTree = "<group>"; };
		6A9DB3A21A12DE3F00F7B93C /* PhotoDatabaseAvailability.swift */ = {isa = PBXFileReference; fileEncoding = 4; lastKnownFileType = sourcecode.swift; path = PhotoDatabaseAvailability.swift; sourceTree = "<group>"; };
		6AE1EFDC1A4101FD003DAACA /* en */ = {isa = PBXFileReference; lastKnownFileType = text.plist.strings; name = en; path = en.lproj/LaunchScreen.strings; sourceTree = "<group>"; };
		6AE1EFDD1A4101FD003DAACA /* en */ = {isa = PBXFileReference; lastKnownFileType = text.plist.strings; name = en; path = en.lproj/Main.strings; sourceTree = "<group>"; };
		6AE1EFE11A4101FE003DAACA /* en */ = {isa = PBXFileReference; lastKnownFileType = text.plist.strings; name = en; path = en.lproj/InfoPlist.strings; sourceTree = "<group>"; };
		6AE1EFE61A4101FE003DAACA /* en */ = {isa = PBXFileReference; lastKnownFileType = text.plist.strings; name = en; path = en.lproj/AddPhotoViewController.strings; sourceTree = "<group>"; };
		6AE1EFEB1A4101FE003DAACA /* en */ = {isa = PBXFileReference; lastKnownFileType = text.plist.strings; name = en; path = en.lproj/InfoPlist.strings; sourceTree = "<group>"; };
		6AE1EFED1A41020C003DAACA /* Base */ = {isa = PBXFileReference; lastKnownFileType = text.plist.strings; name = Base; path = Base.lproj/AddPhotoViewController.strings; sourceTree = "<group>"; };
		6AE1EFEE1A410299003DAACA /* fr */ = {isa = PBXFileReference; lastKnownFileType = text.plist.strings; name = fr; path = fr.lproj/Main.strings; sourceTree = "<group>"; };
		6AE1EFEF1A410299003DAACA /* fr */ = {isa = PBXFileReference; lastKnownFileType = text.plist.strings; name = fr; path = fr.lproj/LaunchScreen.strings; sourceTree = "<group>"; };
		6AE1EFF01A410299003DAACA /* fr */ = {isa = PBXFileReference; lastKnownFileType = text.plist.strings; name = fr; path = fr.lproj/AddPhotoViewController.strings; sourceTree = "<group>"; };
		6AE1EFF11A410299003DAACA /* fr */ = {isa = PBXFileReference; lastKnownFileType = text.plist.strings; name = fr; path = fr.lproj/InfoPlist.strings; sourceTree = "<group>"; };
		6AE1EFF21A410299003DAACA /* fr */ = {isa = PBXFileReference; lastKnownFileType = text.plist.strings; name = fr; path = fr.lproj/InfoPlist.strings; sourceTree = "<group>"; };
		6AE1EFF31A4102C9003DAACA /* Base */ = {isa = PBXFileReference; lastKnownFileType = text.plist.xml; name = Base; path = Base.lproj/Info.plist; sourceTree = "<group>"; };
		6AE1EFF51A4102F1003DAACA /* en */ = {isa = PBXFileReference; lastKnownFileType = text.plist.xml; name = en; path = en.lproj/Info.plist; sourceTree = "<group>"; };
		6AE1EFF61A4102F2003DAACA /* fr */ = {isa = PBXFileReference; lastKnownFileType = text.plist.xml; name = fr; path = fr.lproj/Info.plist; sourceTree = "<group>"; };
		6AE1EFFA1A4107F2003DAACA /* Base */ = {isa = PBXFileReference; lastKnownFileType = text.plist.strings; name = Base; path = Base.lproj/Entities.strings; sourceTree = "<group>"; };
		6AE1EFFC1A4107F4003DAACA /* en */ = {isa = PBXFileReference; lastKnownFileType = text.plist.strings; name = en; path = en.lproj/Entities.strings; sourceTree = "<group>"; };
		6AE1EFFD1A4107F5003DAACA /* fr */ = {isa = PBXFileReference; lastKnownFileType = text.plist.strings; name = fr; path = fr.lproj/Entities.strings; sourceTree = "<group>"; };
		6AEEE9A91A101C4700A075DF /* Photomania Map.app */ = {isa = PBXFileReference; explicitFileType = wrapper.application; includeInIndex = 0; path = "Photomania Map.app"; sourceTree = BUILT_PRODUCTS_DIR; };
		6AEEE9AE1A101C4700A075DF /* AppDelegate.swift */ = {isa = PBXFileReference; lastKnownFileType = sourcecode.swift; path = AppDelegate.swift; sourceTree = "<group>"; };
		6AEEE9B11A101C4700A075DF /* Photomania Map.xcdatamodel */ = {isa = PBXFileReference; lastKnownFileType = wrapper.xcdatamodel; path = "Photomania Map.xcdatamodel"; sourceTree = "<group>"; };
		6AEEE9B31A101C4700A075DF /* ViewController.swift */ = {isa = PBXFileReference; lastKnownFileType = sourcecode.swift; path = ViewController.swift; sourceTree = "<group>"; };
		6AEEE9B61A101C4700A075DF /* Base */ = {isa = PBXFileReference; lastKnownFileType = file.storyboard; name = Base; path = Base.lproj/Main.storyboard; sourceTree = "<group>"; };
		6AEEE9B81A101C4700A075DF /* Images.xcassets */ = {isa = PBXFileReference; lastKnownFileType = folder.assetcatalog; path = Images.xcassets; sourceTree = "<group>"; };
		6AEEE9BB1A101C4700A075DF /* Base */ = {isa = PBXFileReference; lastKnownFileType = file.xib; name = Base; path = Base.lproj/LaunchScreen.xib; sourceTree = "<group>"; };
		6AEEE9C11A101C4800A075DF /* Photomania MapTests.xctest */ = {isa = PBXFileReference; explicitFileType = wrapper.cfbundle; includeInIndex = 0; path = "Photomania MapTests.xctest"; sourceTree = BUILT_PRODUCTS_DIR; };
		6AEEE9C61A101C4800A075DF /* Info.plist */ = {isa = PBXFileReference; lastKnownFileType = text.plist.xml; path = Info.plist; sourceTree = "<group>"; };
		6AEEE9C71A101C4800A075DF /* PhotomaniaTests.swift */ = {isa = PBXFileReference; lastKnownFileType = sourcecode.swift; path = PhotomaniaTests.swift; sourceTree = "<group>"; };
		6AEEE9D11A101CED00A075DF /* Photo.swift */ = {isa = PBXFileReference; fileEncoding = 4; lastKnownFileType = sourcecode.swift; path = Photo.swift; sourceTree = "<group>"; };
		6AEEE9D31A101CED00A075DF /* Photographer.swift */ = {isa = PBXFileReference; fileEncoding = 4; lastKnownFileType = sourcecode.swift; path = Photographer.swift; sourceTree = "<group>"; };
		6AEEE9D71A101D3200A075DF /* Photo+Flickr.swift */ = {isa = PBXFileReference; fileEncoding = 4; lastKnownFileType = sourcecode.swift; path = "Photo+Flickr.swift"; sourceTree = "<group>"; };
		6AEEE9DA1A10203100A075DF /* FlickrAPIKey.h */ = {isa = PBXFileReference; fileEncoding = 4; lastKnownFileType = sourcecode.c.h; path = FlickrAPIKey.h; sourceTree = "<group>"; };
		6AEEE9DB1A10203100A075DF /* FlickrFetcher.h */ = {isa = PBXFileReference; fileEncoding = 4; lastKnownFileType = sourcecode.c.h; path = FlickrFetcher.h; sourceTree = "<group>"; };
		6AEEE9DC1A10203100A075DF /* FlickrFetcher.m */ = {isa = PBXFileReference; fileEncoding = 4; lastKnownFileType = sourcecode.c.objc; path = FlickrFetcher.m; sourceTree = "<group>"; };
		6AEEE9DF1A10210600A075DF /* Photomania-Bridging-Header.h */ = {isa = PBXFileReference; lastKnownFileType = sourcecode.c.h; path = "Photomania-Bridging-Header.h"; sourceTree = "<group>"; };
		6AEEE9E01A1029CA00A075DF /* Photographer+Create.swift */ = {isa = PBXFileReference; fileEncoding = 4; lastKnownFileType = sourcecode.swift; path = "Photographer+Create.swift"; sourceTree = "<group>"; };
		6AEEE9E31A1160F600A075DF /* CoreDataTableViewController.h */ = {isa = PBXFileReference; fileEncoding = 4; lastKnownFileType = sourcecode.c.h; name = CoreDataTableViewController.h; path = CoreDataTableViewController/CoreDataTableViewController.h; sourceTree = "<group>"; };
		6AEEE9E41A1160F600A075DF /* CoreDataTableViewController.m */ = {isa = PBXFileReference; fileEncoding = 4; lastKnownFileType = sourcecode.c.objc; name = CoreDataTableViewController.m; path = CoreDataTableViewController/CoreDataTableViewController.m; sourceTree = "<group>"; };
		6AEEE9EA1A11617100A075DF /* PhotographersCDTVC.swift */ = {isa = PBXFileReference; fileEncoding = 4; lastKnownFileType = sourcecode.swift; path = PhotographersCDTVC.swift; sourceTree = "<group>"; };
		6AEEE9EF1A11725D00A075DF /* AppDelegate+MOC.swift */ = {isa = PBXFileReference; fileEncoding = 4; lastKnownFileType = sourcecode.swift; path = "AppDelegate+MOC.swift"; sourceTree = "<group>"; };
/* End PBXFileReference section */

/* Begin PBXFrameworksBuildPhase section */
		6AEEE9A61A101C4700A075DF /* Frameworks */ = {
			isa = PBXFrameworksBuildPhase;
			buildActionMask = 2147483647;
			files = (
				6A402CD11A254B10003FEC7B /* MapKit.framework in Frameworks */,
			);
			runOnlyForDeploymentPostprocessing = 0;
		};
		6AEEE9BE1A101C4800A075DF /* Frameworks */ = {
			isa = PBXFrameworksBuildPhase;
			buildActionMask = 2147483647;
			files = (
			);
			runOnlyForDeploymentPostprocessing = 0;
		};
/* End PBXFrameworksBuildPhase section */

/* Begin PBXGroup section */
		6A72841B1A195E3800642E3F /* Controller */ = {
			isa = PBXGroup;
			children = (
				6A9B25151A2D298C005C1762 /* AddPhotoViewController.swift */,
				6A402CCE1A25495E003FEC7B /* PhotosByPhotographerMapViewController.swift */,
				6A72841E1A19627F00642E3F /* PhotosByPhotographerCDTVC.swift */,
				6A7284201A1AACE800642E3F /* PhotosCDTVC.swift */,
				6A08672F1A1C163C00E1FF24 /* URLViewController.swift */,
				6AEEE9E31A1160F600A075DF /* CoreDataTableViewController.h */,
				6AEEE9E41A1160F600A075DF /* CoreDataTableViewController.m */,
				6A72841C1A1960A400642E3F /* ImageViewController.swift */,
				6AEEE9EA1A11617100A075DF /* PhotographersCDTVC.swift */,
				6AEEE9B31A101C4700A075DF /* ViewController.swift */,
			);
			name = Controller;
			sourceTree = "<group>";
		};
		6A9B25171A2D4670005C1762 /* UIImage+CS193p */ = {
			isa = PBXGroup;
			children = (
				6A9B25181A2D4670005C1762 /* UIImage+CS193p.h */,
				6A9B25191A2D4670005C1762 /* UIImage+CS193p.m */,
			);
			path = "UIImage+CS193p";
			sourceTree = "<group>";
		};
		6AEEE9A01A101C4700A075DF = {
			isa = PBXGroup;
			children = (
				6A402CD01A254B10003FEC7B /* MapKit.framework */,
				6AEEE9AB1A101C4700A075DF /* Photomania Map */,
				6AEEE9C41A101C4800A075DF /* PhotomaniaMapTests */,
				6AEEE9AA1A101C4700A075DF /* Products */,
			);
			sourceTree = "<group>";
		};
		6AEEE9AA1A101C4700A075DF /* Products */ = {
			isa = PBXGroup;
			children = (
				6AEEE9A91A101C4700A075DF /* Photomania Map.app */,
				6AEEE9C11A101C4800A075DF /* Photomania MapTests.xctest */,
			);
			name = Products;
			sourceTree = "<group>";
		};
		6AEEE9AB1A101C4700A075DF /* Photomania Map */ = {
			isa = PBXGroup;
			children = (
				6AEEE9AE1A101C4700A075DF /* AppDelegate.swift */,
				6AEEE9EF1A11725D00A075DF /* AppDelegate+MOC.swift */,
				6AEEE9B51A101C4700A075DF /* Main.storyboard */,
				6AEEE9B01A101C4700A075DF /* Photomania.xcdatamodeld */,
				6A9DB3A21A12DE3F00F7B93C /* PhotoDatabaseAvailability.swift */,
				6AEEE9D71A101D3200A075DF /* Photo+Flickr.swift */,
				6A402CD41A254F72003FEC7B /* Photo+Annotation.swift */,
				6AEEE9D11A101CED00A075DF /* Photo.swift */,
				6AEEE9D31A101CED00A075DF /* Photographer.swift */,
				6AEEE9E01A1029CA00A075DF /* Photographer+Create.swift */,
				6A72841B1A195E3800642E3F /* Controller */,
				6AEEE9D91A10203100A075DF /* Flickr Fetcher */,
				6A9B25171A2D4670005C1762 /* UIImage+CS193p */,
				6AEEE9AC1A101C4700A075DF /* Supporting Files */,
			);
			path = "Photomania Map";
			sourceTree = "<group>";
		};
		6AEEE9AC1A101C4700A075DF /* Supporting Files */ = {
			isa = PBXGroup;
			children = (
				6AE1EFFB1A4107F2003DAACA /* Entities.strings */,
				6AE1EFE71A4101FE003DAACA /* AddPhotoViewController.strings */,
				6AE1EFE21A4101FE003DAACA /* InfoPlist.strings */,
				6AEEE9B81A101C4700A075DF /* Images.xcassets */,
				6AEEE9BA1A101C4700A075DF /* LaunchScreen.xib */,
				6AE1EFF41A4102C9003DAACA /* Info.plist */,
			);
			name = "Supporting Files";
			sourceTree = "<group>";
		};
		6AEEE9C41A101C4800A075DF /* PhotomaniaMapTests */ = {
			isa = PBXGroup;
			children = (
				6AEEE9C71A101C4800A075DF /* PhotomaniaTests.swift */,
				6AEEE9C51A101C4800A075DF /* Supporting Files */,
			);
			path = PhotomaniaMapTests;
			sourceTree = "<group>";
		};
		6AEEE9C51A101C4800A075DF /* Supporting Files */ = {
			isa = PBXGroup;
			children = (
				6AE1EFEC1A4101FE003DAACA /* InfoPlist.strings */,
				6AEEE9C61A101C4800A075DF /* Info.plist */,
			);
			name = "Supporting Files";
			sourceTree = "<group>";
		};
		6AEEE9D91A10203100A075DF /* Flickr Fetcher */ = {
			isa = PBXGroup;
			children = (
				6AEEE9DA1A10203100A075DF /* FlickrAPIKey.h */,
				6AEEE9DB1A10203100A075DF /* FlickrFetcher.h */,
				6AEEE9DC1A10203100A075DF /* FlickrFetcher.m */,
				6AEEE9DF1A10210600A075DF /* Photomania-Bridging-Header.h */,
			);
			path = "Flickr Fetcher";
			sourceTree = "<group>";
		};
/* End PBXGroup section */

/* Begin PBXNativeTarget section */
		6AEEE9A81A101C4700A075DF /* Photomania Map */ = {
			isa = PBXNativeTarget;
			buildConfigurationList = 6AEEE9CB1A101C4800A075DF /* Build configuration list for PBXNativeTarget "Photomania Map" */;
			buildPhases = (
				6AEEE9A51A101C4700A075DF /* Sources */,
				6AEEE9A61A101C4700A075DF /* Frameworks */,
				6AEEE9A71A101C4700A075DF /* Resources */,
			);
			buildRules = (
			);
			dependencies = (
			);
			name = "Photomania Map";
			productName = Photomania;
			productReference = 6AEEE9A91A101C4700A075DF /* Photomania Map.app */;
			productType = "com.apple.product-type.application";
		};
		6AEEE9C01A101C4800A075DF /* Photomania MapTests */ = {
			isa = PBXNativeTarget;
			buildConfigurationList = 6AEEE9CE1A101C4800A075DF /* Build configuration list for PBXNativeTarget "Photomania MapTests" */;
			buildPhases = (
				6AEEE9BD1A101C4800A075DF /* Sources */,
				6AEEE9BE1A101C4800A075DF /* Frameworks */,
				6AEEE9BF1A101C4800A075DF /* Resources */,
			);
			buildRules = (
			);
			dependencies = (
				6AEEE9C31A101C4800A075DF /* PBXTargetDependency */,
			);
			name = "Photomania MapTests";
			productName = PhotomaniaTests;
			productReference = 6AEEE9C11A101C4800A075DF /* Photomania MapTests.xctest */;
			productType = "com.apple.product-type.bundle.unit-test";
		};
/* End PBXNativeTarget section */

/* Begin PBXProject section */
		6AEEE9A11A101C4700A075DF /* Project object */ = {
			isa = PBXProject;
			attributes = {
				LastUpgradeCheck = 0610;
				ORGANIZATIONNAME = "Afonso Graça";
				TargetAttributes = {
					6AEEE9A81A101C4700A075DF = {
						CreatedOnToolsVersion = 6.1;
						SystemCapabilities = {
							com.apple.BackgroundModes = {
								enabled = 1;
							};
						};
					};
					6AEEE9C01A101C4800A075DF = {
						CreatedOnToolsVersion = 6.1;
						TestTargetID = 6AEEE9A81A101C4700A075DF;
					};
				};
			};
			buildConfigurationList = 6AEEE9A41A101C4700A075DF /* Build configuration list for PBXProject "Photomania Map" */;
			compatibilityVersion = "Xcode 3.2";
			developmentRegion = English;
			hasScannedForEncodings = 0;
			knownRegions = (
				Base,
				fr,
				en,
			);
			mainGroup = 6AEEE9A01A101C4700A075DF;
			productRefGroup = 6AEEE9AA1A101C4700A075DF /* Products */;
			projectDirPath = "";
			projectRoot = "";
			targets = (
				6AEEE9A81A101C4700A075DF /* Photomania Map */,
				6AEEE9C01A101C4800A075DF /* Photomania MapTests */,
			);
		};
/* End PBXProject section */

/* Begin PBXResourcesBuildPhase section */
		6AEEE9A71A101C4700A075DF /* Resources */ = {
			isa = PBXResourcesBuildPhase;
			buildActionMask = 2147483647;
			files = (
				6AEEE9B71A101C4700A075DF /* Main.storyboard in Resources */,
				6AE1EFE01A4101FE003DAACA /* InfoPlist.strings in Resources */,
				6AEEE9BC1A101C4700A075DF /* LaunchScreen.xib in Resources */,
				6AE1EFF91A4107F2003DAACA /* Entities.strings in Resources */,
				6AE1EFE51A4101FE003DAACA /* AddPhotoViewController.strings in Resources */,
				6AEEE9B91A101C4700A075DF /* Images.xcassets in Resources */,
			);
			runOnlyForDeploymentPostprocessing = 0;
		};
		6AEEE9BF1A101C4800A075DF /* Resources */ = {
			isa = PBXResourcesBuildPhase;
			buildActionMask = 2147483647;
			files = (
				6AE1EFEA1A4101FE003DAACA /* InfoPlist.strings in Resources */,
			);
			runOnlyForDeploymentPostprocessing = 0;
		};
/* End PBXResourcesBuildPhase section */

/* Begin PBXSourcesBuildPhase section */
		6AEEE9A51A101C4700A075DF /* Sources */ = {
			isa = PBXSourcesBuildPhase;
			buildActionMask = 2147483647;
			files = (
				6A9B25161A2D298C005C1762 /* AddPhotoViewController.swift in Sources */,
				6A9DB3A31A12DE3F00F7B93C /* PhotoDatabaseAvailability.swift in Sources */,
				6A9B251A1A2D4670005C1762 /* UIImage+CS193p.m in Sources */,
				6A402CCF1A25495E003FEC7B /* PhotosByPhotographerMapViewController.swift in Sources */,
				6AEEE9D21A101CED00A075DF /* Photo.swift in Sources */,
				6AEEE9EB1A11617100A075DF /* PhotographersCDTVC.swift in Sources */,
				6AEEE9D81A101D3200A075DF /* Photo+Flickr.swift in Sources */,
				6A402CD51A254F72003FEC7B /* Photo+Annotation.swift in Sources */,
				6A0867301A1C163C00E1FF24 /* URLViewController.swift in Sources */,
				6AEEE9E81A1160F600A075DF /* CoreDataTableViewController.m in Sources */,
				6A72841F1A19627F00642E3F /* PhotosByPhotographerCDTVC.swift in Sources */,
				6AEEE9DE1A10203100A075DF /* FlickrFetcher.m in Sources */,
				6A7284211A1AACE800642E3F /* PhotosCDTVC.swift in Sources */,
				6A72841D1A1960A400642E3F /* ImageViewController.swift in Sources */,
				6AEEE9F01A11725D00A075DF /* AppDelegate+MOC.swift in Sources */,
				6AEEE9B41A101C4700A075DF /* ViewController.swift in Sources */,
				6AEEE9D41A101CED00A075DF /* Photographer.swift in Sources */,
				6AEEE9AF1A101C4700A075DF /* AppDelegate.swift in Sources */,
				6AEEE9E11A1029CA00A075DF /* Photographer+Create.swift in Sources */,
				6AEEE9B21A101C4700A075DF /* Photomania.xcdatamodeld in Sources */,
			);
			runOnlyForDeploymentPostprocessing = 0;
		};
		6AEEE9BD1A101C4800A075DF /* Sources */ = {
			isa = PBXSourcesBuildPhase;
			buildActionMask = 2147483647;
			files = (
				6AEEE9C81A101C4800A075DF /* PhotomaniaTests.swift in Sources */,
			);
			runOnlyForDeploymentPostprocessing = 0;
		};
/* End PBXSourcesBuildPhase section */

/* Begin PBXTargetDependency section */
		6AEEE9C31A101C4800A075DF /* PBXTargetDependency */ = {
			isa = PBXTargetDependency;
			target = 6AEEE9A81A101C4700A075DF /* Photomania Map */;
			targetProxy = 6AEEE9C21A101C4800A075DF /* PBXContainerItemProxy */;
		};
/* End PBXTargetDependency section */

/* Begin PBXVariantGroup section */
		6AE1EFE21A4101FE003DAACA /* InfoPlist.strings */ = {
			isa = PBXVariantGroup;
			children = (
				6AE1EFE11A4101FE003DAACA /* en */,
				6AE1EFF11A410299003DAACA /* fr */,
			);
			name = InfoPlist.strings;
			sourceTree = "<group>";
		};
		6AE1EFE71A4101FE003DAACA /* AddPhotoViewController.strings */ = {
			isa = PBXVariantGroup;
			children = (
				6AE1EFE61A4101FE003DAACA /* en */,
				6AE1EFED1A41020C003DAACA /* Base */,
				6AE1EFF01A410299003DAACA /* fr */,
			);
			name = AddPhotoViewController.strings;
			sourceTree = "<group>";
		};
		6AE1EFEC1A4101FE003DAACA /* InfoPlist.strings */ = {
			isa = PBXVariantGroup;
			children = (
				6AE1EFEB1A4101FE003DAACA /* en */,
				6AE1EFF21A410299003DAACA /* fr */,
			);
			name = InfoPlist.strings;
			sourceTree = "<group>";
		};
		6AE1EFF41A4102C9003DAACA /* Info.plist */ = {
			isa = PBXVariantGroup;
			children = (
				6AE1EFF31A4102C9003DAACA /* Base */,
				6AE1EFF51A4102F1003DAACA /* en */,
				6AE1EFF61A4102F2003DAACA /* fr */,
			);
			name = Info.plist;
			sourceTree = "<group>";
		};
		6AE1EFFB1A4107F2003DAACA /* Entities.strings */ = {
			isa = PBXVariantGroup;
			children = (
				6AE1EFFA1A4107F2003DAACA /* Base */,
				6AE1EFFC1A4107F4003DAACA /* en */,
				6AE1EFFD1A4107F5003DAACA /* fr */,
			);
			name = Entities.strings;
			sourceTree = "<group>";
		};
		6AEEE9B51A101C4700A075DF /* Main.storyboard */ = {
			isa = PBXVariantGroup;
			children = (
				6AEEE9B61A101C4700A075DF /* Base */,
				6AE1EFDD1A4101FD003DAACA /* en */,
				6AE1EFEE1A410299003DAACA /* fr */,
			);
			name = Main.storyboard;
			sourceTree = "<group>";
		};
		6AEEE9BA1A101C4700A075DF /* LaunchScreen.xib */ = {
			isa = PBXVariantGroup;
			children = (
				6AEEE9BB1A101C4700A075DF /* Base */,
				6AE1EFDC1A4101FD003DAACA /* en */,
				6AE1EFEF1A410299003DAACA /* fr */,
			);
			name = LaunchScreen.xib;
			sourceTree = "<group>";
		};
/* End PBXVariantGroup section */

/* Begin XCBuildConfiguration section */
		6AEEE9C91A101C4800A075DF /* Debug */ = {
			isa = XCBuildConfiguration;
			buildSettings = {
				ALWAYS_SEARCH_USER_PATHS = NO;
				CLANG_CXX_LANGUAGE_STANDARD = "gnu++0x";
				CLANG_CXX_LIBRARY = "libc++";
				CLANG_ENABLE_MODULES = YES;
				CLANG_ENABLE_OBJC_ARC = YES;
				CLANG_WARN_BOOL_CONVERSION = YES;
				CLANG_WARN_CONSTANT_CONVERSION = YES;
				CLANG_WARN_DIRECT_OBJC_ISA_USAGE = YES_ERROR;
				CLANG_WARN_EMPTY_BODY = YES;
				CLANG_WARN_ENUM_CONVERSION = YES;
				CLANG_WARN_INT_CONVERSION = YES;
				CLANG_WARN_OBJC_ROOT_CLASS = YES_ERROR;
				CLANG_WARN_UNREACHABLE_CODE = YES;
				CLANG_WARN__DUPLICATE_METHOD_MATCH = YES;
				"CODE_SIGN_IDENTITY[sdk=iphoneos*]" = "iPhone Developer";
				COPY_PHASE_STRIP = NO;
				ENABLE_STRICT_OBJC_MSGSEND = YES;
				GCC_C_LANGUAGE_STANDARD = gnu99;
				GCC_DYNAMIC_NO_PIC = NO;
				GCC_OPTIMIZATION_LEVEL = 0;
				GCC_PREPROCESSOR_DEFINITIONS = (
					"DEBUG=1",
					"$(inherited)",
				);
				GCC_SYMBOLS_PRIVATE_EXTERN = NO;
				GCC_WARN_64_TO_32_BIT_CONVERSION = YES;
				GCC_WARN_ABOUT_RETURN_TYPE = YES_ERROR;
				GCC_WARN_UNDECLARED_SELECTOR = YES;
				GCC_WARN_UNINITIALIZED_AUTOS = YES_AGGRESSIVE;
				GCC_WARN_UNUSED_FUNCTION = YES;
				GCC_WARN_UNUSED_VARIABLE = YES;
				IPHONEOS_DEPLOYMENT_TARGET = 8.1;
				MTL_ENABLE_DEBUG_INFO = YES;
				ONLY_ACTIVE_ARCH = YES;
				SDKROOT = iphoneos;
				SWIFT_OPTIMIZATION_LEVEL = "-Onone";
				TARGETED_DEVICE_FAMILY = "1,2";
			};
			name = Debug;
		};
		6AEEE9CA1A101C4800A075DF /* Release */ = {
			isa = XCBuildConfiguration;
			buildSettings = {
				ALWAYS_SEARCH_USER_PATHS = NO;
				CLANG_CXX_LANGUAGE_STANDARD = "gnu++0x";
				CLANG_CXX_LIBRARY = "libc++";
				CLANG_ENABLE_MODULES = YES;
				CLANG_ENABLE_OBJC_ARC = YES;
				CLANG_WARN_BOOL_CONVERSION = YES;
				CLANG_WARN_CONSTANT_CONVERSION = YES;
				CLANG_WARN_DIRECT_OBJC_ISA_USAGE = YES_ERROR;
				CLANG_WARN_EMPTY_BODY = YES;
				CLANG_WARN_ENUM_CONVERSION = YES;
				CLANG_WARN_INT_CONVERSION = YES;
				CLANG_WARN_OBJC_ROOT_CLASS = YES_ERROR;
				CLANG_WARN_UNREACHABLE_CODE = YES;
				CLANG_WARN__DUPLICATE_METHOD_MATCH = YES;
				"CODE_SIGN_IDENTITY[sdk=iphoneos*]" = "iPhone Developer";
				COPY_PHASE_STRIP = YES;
				ENABLE_NS_ASSERTIONS = NO;
				ENABLE_STRICT_OBJC_MSGSEND = YES;
				GCC_C_LANGUAGE_STANDARD = gnu99;
				GCC_WARN_64_TO_32_BIT_CONVERSION = YES;
				GCC_WARN_ABOUT_RETURN_TYPE = YES_ERROR;
				GCC_WARN_UNDECLARED_SELECTOR = YES;
				GCC_WARN_UNINITIALIZED_AUTOS = YES_AGGRESSIVE;
				GCC_WARN_UNUSED_FUNCTION = YES;
				GCC_WARN_UNUSED_VARIABLE = YES;
				IPHONEOS_DEPLOYMENT_TARGET = 8.1;
				MTL_ENABLE_DEBUG_INFO = NO;
				SDKROOT = iphoneos;
				TARGETED_DEVICE_FAMILY = "1,2";
				VALIDATE_PRODUCT = YES;
			};
			name = Release;
		};
		6AEEE9CC1A101C4800A075DF /* Debug */ = {
			isa = XCBuildConfiguration;
			buildSettings = {
				ASSETCATALOG_COMPILER_APPICON_NAME = AppIcon;
				INFOPLIST_FILE = "Photomania Map/Base.lproj/Info.plist";
				LD_RUNPATH_SEARCH_PATHS = "$(inherited) @executable_path/Frameworks";
				PRODUCT_NAME = "Photomania Map";
				SWIFT_OBJC_BRIDGING_HEADER = "$(SRCROOT)/Photomania Map/Flickr Fetcher/Photomania-Bridging-Header.h";
			};
			name = Debug;
		};
		6AEEE9CD1A101C4800A075DF /* Release */ = {
			isa = XCBuildConfiguration;
			buildSettings = {
				ASSETCATALOG_COMPILER_APPICON_NAME = AppIcon;
				INFOPLIST_FILE = "Photomania Map/Base.lproj/Info.plist";
				LD_RUNPATH_SEARCH_PATHS = "$(inherited) @executable_path/Frameworks";
				PRODUCT_NAME = "Photomania Map";
				SWIFT_OBJC_BRIDGING_HEADER = "$(SRCROOT)/Photomania Map/Flickr Fetcher/Photomania-Bridging-Header.h";
			};
			name = Release;
		};
		6AEEE9CF1A101C4800A075DF /* Debug */ = {
			isa = XCBuildConfiguration;
			buildSettings = {
				BUNDLE_LOADER = "$(TEST_HOST)";
				FRAMEWORK_SEARCH_PATHS = (
					"$(SDKROOT)/Developer/Library/Frameworks",
					"$(inherited)",
				);
				GCC_PREPROCESSOR_DEFINITIONS = (
					"DEBUG=1",
					"$(inherited)",
				);
				INFOPLIST_FILE = PhotomaniaMapTests/Info.plist;
				LD_RUNPATH_SEARCH_PATHS = "$(inherited) @executable_path/Frameworks @loader_path/Frameworks";
				PRODUCT_NAME = "Photomania MapTests";
				TEST_HOST = "$(BUILT_PRODUCTS_DIR)/Photomania Map.app/Photomania Map";
			};
			name = Debug;
		};
		6AEEE9D01A101C4800A075DF /* Release */ = {
			isa = XCBuildConfiguration;
			buildSettings = {
				BUNDLE_LOADER = "$(TEST_HOST)";
				FRAMEWORK_SEARCH_PATHS = (
					"$(SDKROOT)/Developer/Library/Frameworks",
					"$(inherited)",
				);
				INFOPLIST_FILE = PhotomaniaMapTests/Info.plist;
				LD_RUNPATH_SEARCH_PATHS = "$(inherited) @executable_path/Frameworks @loader_path/Frameworks";
				PRODUCT_NAME = "Photomania MapTests";
				TEST_HOST = "$(BUILT_PRODUCTS_DIR)/Photomania Map.app/Photomania Map";
			};
			name = Release;
		};
/* End XCBuildConfiguration section */

/* Begin XCConfigurationList section */
		6AEEE9A41A101C4700A075DF /* Build configuration list for PBXProject "Photomania Map" */ = {
			isa = XCConfigurationList;
			buildConfigurations = (
				6AEEE9C91A101C4800A075DF /* Debug */,
				6AEEE9CA1A101C4800A075DF /* Release */,
			);
			defaultConfigurationIsVisible = 0;
			defaultConfigurationName = Release;
		};
		6AEEE9CB1A101C4800A075DF /* Build configuration list for PBXNativeTarget "Photomania Map" */ = {
			isa = XCConfigurationList;
			buildConfigurations = (
				6AEEE9CC1A101C4800A075DF /* Debug */,
				6AEEE9CD1A101C4800A075DF /* Release */,
			);
			defaultConfigurationIsVisible = 0;
			defaultConfigurationName = Release;
		};
		6AEEE9CE1A101C4800A075DF /* Build configuration list for PBXNativeTarget "Photomania MapTests" */ = {
			isa = XCConfigurationList;
			buildConfigurations = (
				6AEEE9CF1A101C4800A075DF /* Debug */,
				6AEEE9D01A101C4800A075DF /* Release */,
			);
			defaultConfigurationIsVisible = 0;
			defaultConfigurationName = Release;
		};
/* End XCConfigurationList section */

/* Begin XCVersionGroup section */
		6AEEE9B01A101C4700A075DF /* Photomania.xcdatamodeld */ = {
			isa = XCVersionGroup;
			children = (
				6AEEE9B11A101C4700A075DF /* Photomania Map.xcdatamodel */,
			);
			currentVersion = 6AEEE9B11A101C4700A075DF /* Photomania Map.xcdatamodel */;
			path = Photomania.xcdatamodeld;
			sourceTree = "<group>";
			versionGroupType = wrapper.xcdatamodel;
		};
/* End XCVersionGroup section */
	};
	rootObject = 6AEEE9A11A101C4700A075DF /* Project object */;
}
