// !$*UTF8*$!
{
	archiveVersion = 1;
	classes = {
	};
	objectVersion = 46;
	objects = {

/* Begin PBXBuildFile section */
		6A63CF9E19E9F0E300B0592A /* AppDelegate.swift in Sources */ = {isa = PBXBuildFile; fileRef = 6A63CF9D19E9F0E300B0592A /* AppDelegate.swift */; };
		6A63CFA019E9F0E300B0592A /* ViewController.swift in Sources */ = {isa = PBXBuildFile; fileRef = 6A63CF9F19E9F0E300B0592A /* ViewController.swift */; };
		6A63CFA319E9F0E300B0592A /* Main.storyboard in Resources */ = {isa = PBXBuildFile; fileRef = 6A63CFA119E9F0E300B0592A /* Main.storyboard */; };
		6A63CFA519E9F0E300B0592A /* Images.xcassets in Resources */ = {isa = PBXBuildFile; fileRef = 6A63CFA419E9F0E300B0592A /* Images.xcassets */; };
		6A63CFA819E9F0E300B0592A /* LaunchScreen.xib in Resources */ = {isa = PBXBuildFile; fileRef = 6A63CFA619E9F0E300B0592A /* LaunchScreen.xib */; };
		6A63CFB419E9F0E300B0592A /* MatchismoTests.swift in Sources */ = {isa = PBXBuildFile; fileRef = 6A63CFB319E9F0E300B0592A /* MatchismoTests.swift */; };
		6A63CFBE19E9F5E900B0592A /* Card.swift in Sources */ = {isa = PBXBuildFile; fileRef = 6A63CFBD19E9F5E900B0592A /* Card.swift */; };
		6A79D79719EDCC8900783146 /* CardMatchingGame.swift in Sources */ = {isa = PBXBuildFile; fileRef = 6A79D79619EDCC8900783146 /* CardMatchingGame.swift */; };
		6A79D79B19EDCCCE00783146 /* Deck.swift in Sources */ = {isa = PBXBuildFile; fileRef = 6A79D79819EDCCCE00783146 /* Deck.swift */; };
		6A79D79C19EDCCCE00783146 /* PlayingCard.swift in Sources */ = {isa = PBXBuildFile; fileRef = 6A79D79919EDCCCE00783146 /* PlayingCard.swift */; };
		6A79D79D19EDCCCE00783146 /* PlayingCardDeck.swift in Sources */ = {isa = PBXBuildFile; fileRef = 6A79D79A19EDCCCE00783146 /* PlayingCardDeck.swift */; };
/* End PBXBuildFile section */

/* Begin PBXContainerItemProxy section */
		6A63CFAE19E9F0E300B0592A /* PBXContainerItemProxy */ = {
			isa = PBXContainerItemProxy;
			containerPortal = 6A63CF9019E9F0E300B0592A /* Project object */;
			proxyType = 1;
			remoteGlobalIDString = 6A63CF9719E9F0E300B0592A;
			remoteInfo = Matchismo;
		};
/* End PBXContainerItemProxy section */

/* Begin PBXFileReference section */
		6A63CF9819E9F0E300B0592A /* Matchismo.app */ = {isa = PBXFileReference; explicitFileType = wrapper.application; includeInIndex = 0; path = Matchismo.app; sourceTree = BUILT_PRODUCTS_DIR; };
		6A63CF9C19E9F0E300B0592A /* Info.plist */ = {isa = PBXFileReference; lastKnownFileType = text.plist.xml; path = Info.plist; sourceTree = "<group>"; };
		6A63CF9D19E9F0E300B0592A /* AppDelegate.swift */ = {isa = PBXFileReference; lastKnownFileType = sourcecode.swift; path = AppDelegate.swift; sourceTree = "<group>"; };
		6A63CF9F19E9F0E300B0592A /* ViewController.swift */ = {isa = PBXFileReference; lastKnownFileType = sourcecode.swift; path = ViewController.swift; sourceTree = "<group>"; };
		6A63CFA219E9F0E300B0592A /* Base */ = {isa = PBXFileReference; lastKnownFileType = file.storyboard; name = Base; path = Base.lproj/Main.storyboard; sourceTree = "<group>"; };
		6A63CFA419E9F0E300B0592A /* Images.xcassets */ = {isa = PBXFileReference; lastKnownFileType = folder.assetcatalog; path = Images.xcassets; sourceTree = "<group>"; };
		6A63CFA719E9F0E300B0592A /* Base */ = {isa = PBXFileReference; lastKnownFileType = file.xib; name = Base; path = Base.lproj/LaunchScreen.xib; sourceTree = "<group>"; };
		6A63CFAD19E9F0E300B0592A /* MatchismoTests.xctest */ = {isa = PBXFileReference; explicitFileType = wrapper.cfbundle; includeInIndex = 0; path = MatchismoTests.xctest; sourceTree = BUILT_PRODUCTS_DIR; };
		6A63CFB219E9F0E300B0592A /* Info.plist */ = {isa = PBXFileReference; lastKnownFileType = text.plist.xml; path = Info.plist; sourceTree = "<group>"; };
		6A63CFB319E9F0E300B0592A /* MatchismoTests.swift */ = {isa = PBXFileReference; lastKnownFileType = sourcecode.swift; path = MatchismoTests.swift; sourceTree = "<group>"; };
		6A63CFBD19E9F5E900B0592A /* Card.swift */ = {isa = PBXFileReference; fileEncoding = 4; lastKnownFileType = sourcecode.swift; name = Card.swift; path = Model/Card.swift; sourceTree = "<group>"; };
		6A79D79619EDCC8900783146 /* CardMatchingGame.swift */ = {isa = PBXFileReference; fileEncoding = 4; lastKnownFileType = sourcecode.swift; name = CardMatchingGame.swift; path = Model/CardMatchingGame.swift; sourceTree = "<group>"; };
		6A79D79819EDCCCE00783146 /* Deck.swift */ = {isa = PBXFileReference; fileEncoding = 4; lastKnownFileType = sourcecode.swift; name = Deck.swift; path = Model/Deck.swift; sourceTree = "<group>"; };
		6A79D79919EDCCCE00783146 /* PlayingCard.swift */ = {isa = PBXFileReference; fileEncoding = 4; lastKnownFileType = sourcecode.swift; name = PlayingCard.swift; path = Model/PlayingCard.swift; sourceTree = "<group>"; };
		6A79D79A19EDCCCE00783146 /* PlayingCardDeck.swift */ = {isa = PBXFileReference; fileEncoding = 4; lastKnownFileType = sourcecode.swift; name = PlayingCardDeck.swift; path = Model/PlayingCardDeck.swift; sourceTree = "<group>"; };
/* End PBXFileReference section */

/* Begin PBXFrameworksBuildPhase section */
		6A63CF9519E9F0E300B0592A /* Frameworks */ = {
			isa = PBXFrameworksBuildPhase;
			buildActionMask = 2147483647;
			files = (
			);
			runOnlyForDeploymentPostprocessing = 0;
		};
		6A63CFAA19E9F0E300B0592A /* Frameworks */ = {
			isa = PBXFrameworksBuildPhase;
			buildActionMask = 2147483647;
			files = (
			);
			runOnlyForDeploymentPostprocessing = 0;
		};
/* End PBXFrameworksBuildPhase section */

/* Begin PBXGroup section */
		6A63CF8F19E9F0E300B0592A = {
			isa = PBXGroup;
			children = (
				6A63CF9A19E9F0E300B0592A /* Matchismo */,
				6A63CFB019E9F0E300B0592A /* MatchismoTests */,
				6A63CF9919E9F0E300B0592A /* Products */,
			);
			sourceTree = "<group>";
		};
		6A63CF9919E9F0E300B0592A /* Products */ = {
			isa = PBXGroup;
			children = (
				6A63CF9819E9F0E300B0592A /* Matchismo.app */,
				6A63CFAD19E9F0E300B0592A /* MatchismoTests.xctest */,
			);
			name = Products;
			sourceTree = "<group>";
		};
		6A63CF9A19E9F0E300B0592A /* Matchismo */ = {
			isa = PBXGroup;
			children = (
				6A63CF9F19E9F0E300B0592A /* ViewController.swift */,
				6A63CFA119E9F0E300B0592A /* Main.storyboard */,
				6A63CFBF19E9F5FF00B0592A /* Model */,
				6A63CF9B19E9F0E300B0592A /* Supporting Files */,
				6A63CFA419E9F0E300B0592A /* Images.xcassets */,
				6A63CFA619E9F0E300B0592A /* LaunchScreen.xib */,
			);
			path = Matchismo;
			sourceTree = "<group>";
		};
		6A63CF9B19E9F0E300B0592A /* Supporting Files */ = {
			isa = PBXGroup;
			children = (
				6A63CF9D19E9F0E300B0592A /* AppDelegate.swift */,
				6A63CF9C19E9F0E300B0592A /* Info.plist */,
			);
			name = "Supporting Files";
			sourceTree = "<group>";
		};
		6A63CFB019E9F0E300B0592A /* MatchismoTests */ = {
			isa = PBXGroup;
			children = (
				6A63CFB319E9F0E300B0592A /* MatchismoTests.swift */,
				6A63CFB119E9F0E300B0592A /* Supporting Files */,
			);
			path = MatchismoTests;
			sourceTree = "<group>";
		};
		6A63CFB119E9F0E300B0592A /* Supporting Files */ = {
			isa = PBXGroup;
			children = (
				6A63CFB219E9F0E300B0592A /* Info.plist */,
			);
			name = "Supporting Files";
			sourceTree = "<group>";
		};
		6A63CFBF19E9F5FF00B0592A /* Model */ = {
			isa = PBXGroup;
			children = (
				6A63CFBD19E9F5E900B0592A /* Card.swift */,
				6A79D79619EDCC8900783146 /* CardMatchingGame.swift */,
				6A79D79819EDCCCE00783146 /* Deck.swift */,
				6A79D79919EDCCCE00783146 /* PlayingCard.swift */,
				6A79D79A19EDCCCE00783146 /* PlayingCardDeck.swift */,
			);
			name = Model;
			sourceTree = "<group>";
		};
/* End PBXGroup section */

/* Begin PBXNativeTarget section */
		6A63CF9719E9F0E300B0592A /* Matchismo */ = {
			isa = PBXNativeTarget;
			buildConfigurationList = 6A63CFB719E9F0E300B0592A /* Build configuration list for PBXNativeTarget "Matchismo" */;
			buildPhases = (
				6A63CF9419E9F0E300B0592A /* Sources */,
				6A63CF9519E9F0E300B0592A /* Frameworks */,
				6A63CF9619E9F0E300B0592A /* Resources */,
			);
			buildRules = (
			);
			dependencies = (
			);
			name = Matchismo;
			productName = Matchismo;
			productReference = 6A63CF9819E9F0E300B0592A /* Matchismo.app */;
			productType = "com.apple.product-type.application";
		};
		6A63CFAC19E9F0E300B0592A /* MatchismoTests */ = {
			isa = PBXNativeTarget;
			buildConfigurationList = 6A63CFBA19E9F0E300B0592A /* Build configuration list for PBXNativeTarget "MatchismoTests" */;
			buildPhases = (
				6A63CFA919E9F0E300B0592A /* Sources */,
				6A63CFAA19E9F0E300B0592A /* Frameworks */,
				6A63CFAB19E9F0E300B0592A /* Resources */,
			);
			buildRules = (
			);
			dependencies = (
				6A63CFAF19E9F0E300B0592A /* PBXTargetDependency */,
			);
			name = MatchismoTests;
			productName = MatchismoTests;
			productReference = 6A63CFAD19E9F0E300B0592A /* MatchismoTests.xctest */;
			productType = "com.apple.product-type.bundle.unit-test";
		};
/* End PBXNativeTarget section */

/* Begin PBXProject section */
		6A63CF9019E9F0E300B0592A /* Project object */ = {
			isa = PBXProject;
			attributes = {
				LastUpgradeCheck = 0600;
				ORGANIZATIONNAME = "Afonso Graça";
				TargetAttributes = {
					6A63CF9719E9F0E300B0592A = {
						CreatedOnToolsVersion = 6.0.1;
					};
					6A63CFAC19E9F0E300B0592A = {
						CreatedOnToolsVersion = 6.0.1;
						TestTargetID = 6A63CF9719E9F0E300B0592A;
					};
				};
			};
			buildConfigurationList = 6A63CF9319E9F0E300B0592A /* Build configuration list for PBXProject "Matchismo" */;
			compatibilityVersion = "Xcode 3.2";
			developmentRegion = English;
			hasScannedForEncodings = 0;
			knownRegions = (
				en,
				Base,
			);
			mainGroup = 6A63CF8F19E9F0E300B0592A;
			productRefGroup = 6A63CF9919E9F0E300B0592A /* Products */;
			projectDirPath = "";
			projectRoot = "";
			targets = (
				6A63CF9719E9F0E300B0592A /* Matchismo */,
				6A63CFAC19E9F0E300B0592A /* MatchismoTests */,
			);
		};
/* End PBXProject section */

/* Begin PBXResourcesBuildPhase section */
		6A63CF9619E9F0E300B0592A /* Resources */ = {
			isa = PBXResourcesBuildPhase;
			buildActionMask = 2147483647;
			files = (
				6A63CFA319E9F0E300B0592A /* Main.storyboard in Resources */,
				6A63CFA819E9F0E300B0592A /* LaunchScreen.xib in Resources */,
				6A63CFA519E9F0E300B0592A /* Images.xcassets in Resources */,
			);
			runOnlyForDeploymentPostprocessing = 0;
		};
		6A63CFAB19E9F0E300B0592A /* Resources */ = {
			isa = PBXResourcesBuildPhase;
			buildActionMask = 2147483647;
			files = (
			);
			runOnlyForDeploymentPostprocessing = 0;
		};
/* End PBXResourcesBuildPhase section */

/* Begin PBXSourcesBuildPhase section */
		6A63CF9419E9F0E300B0592A /* Sources */ = {
			isa = PBXSourcesBuildPhase;
			buildActionMask = 2147483647;
			files = (
				6A63CFA019E9F0E300B0592A /* ViewController.swift in Sources */,
				6A79D79C19EDCCCE00783146 /* PlayingCard.swift in Sources */,
				6A63CFBE19E9F5E900B0592A /* Card.swift in Sources */,
				6A79D79719EDCC8900783146 /* CardMatchingGame.swift in Sources */,
				6A79D79B19EDCCCE00783146 /* Deck.swift in Sources */,
				6A79D79D19EDCCCE00783146 /* PlayingCardDeck.swift in Sources */,
				6A63CF9E19E9F0E300B0592A /* AppDelegate.swift in Sources */,
			);
			runOnlyForDeploymentPostprocessing = 0;
		};
		6A63CFA919E9F0E300B0592A /* Sources */ = {
			isa = PBXSourcesBuildPhase;
			buildActionMask = 2147483647;
			files = (
				6A63CFB419E9F0E300B0592A /* MatchismoTests.swift in Sources */,
			);
			runOnlyForDeploymentPostprocessing = 0;
		};
/* End PBXSourcesBuildPhase section */

/* Begin PBXTargetDependency section */
		6A63CFAF19E9F0E300B0592A /* PBXTargetDependency */ = {
			isa = PBXTargetDependency;
			target = 6A63CF9719E9F0E300B0592A /* Matchismo */;
			targetProxy = 6A63CFAE19E9F0E300B0592A /* PBXContainerItemProxy */;
		};
/* End PBXTargetDependency section */

/* Begin PBXVariantGroup section */
		6A63CFA119E9F0E300B0592A /* Main.storyboard */ = {
			isa = PBXVariantGroup;
			children = (
				6A63CFA219E9F0E300B0592A /* Base */,
			);
			name = Main.storyboard;
			sourceTree = "<group>";
		};
		6A63CFA619E9F0E300B0592A /* LaunchScreen.xib */ = {
			isa = PBXVariantGroup;
			children = (
				6A63CFA719E9F0E300B0592A /* Base */,
			);
			name = LaunchScreen.xib;
			sourceTree = "<group>";
		};
/* End PBXVariantGroup section */

/* Begin XCBuildConfiguration section */
		6A63CFB519E9F0E300B0592A /* Debug */ = {
			isa = XCBuildConfiguration;
			buildSettings = {
				ALWAYS_SEARCH_USER_PATHS = NO;
				CLANG_CXX_LANGUAGE_STANDARD = "gnu++0x";
				CLANG_CXX_LIBRARY = "libc++";
				CLANG_ENABLE_MODULES = YES;
				CLANG_ENABLE_OBJC_ARC = YES;
				CLANG_WARN_BOOL_CONVERSION = YES;
				CLANG_WARN_CONSTANT_CONVERSION = YES;
				CLANG_WARN_DIRECT_OBJC_ISA_USAGE = YES_ERROR;
				CLANG_WARN_EMPTY_BODY = YES;
				CLANG_WARN_ENUM_CONVERSION = YES;
				CLANG_WARN_INT_CONVERSION = YES;
				CLANG_WARN_OBJC_ROOT_CLASS = YES_ERROR;
				CLANG_WARN_UNREACHABLE_CODE = YES;
				CLANG_WARN__DUPLICATE_METHOD_MATCH = YES;
				"CODE_SIGN_IDENTITY[sdk=iphoneos*]" = "iPhone Developer";
				COPY_PHASE_STRIP = NO;
				ENABLE_STRICT_OBJC_MSGSEND = YES;
				GCC_C_LANGUAGE_STANDARD = gnu99;
				GCC_DYNAMIC_NO_PIC = NO;
				GCC_OPTIMIZATION_LEVEL = 0;
				GCC_PREPROCESSOR_DEFINITIONS = (
					"DEBUG=1",
					"$(inherited)",
				);
				GCC_SYMBOLS_PRIVATE_EXTERN = NO;
				GCC_WARN_64_TO_32_BIT_CONVERSION = YES;
				GCC_WARN_ABOUT_RETURN_TYPE = YES_ERROR;
				GCC_WARN_UNDECLARED_SELECTOR = YES;
				GCC_WARN_UNINITIALIZED_AUTOS = YES_AGGRESSIVE;
				GCC_WARN_UNUSED_FUNCTION = YES;
				GCC_WARN_UNUSED_VARIABLE = YES;
				IPHONEOS_DEPLOYMENT_TARGET = 8.0;
				MTL_ENABLE_DEBUG_INFO = YES;
				ONLY_ACTIVE_ARCH = YES;
				SDKROOT = iphoneos;
				SWIFT_OPTIMIZATION_LEVEL = "-Onone";
			};
			name = Debug;
		};
		6A63CFB619E9F0E300B0592A /* Release */ = {
			isa = XCBuildConfiguration;
			buildSettings = {
				ALWAYS_SEARCH_USER_PATHS = NO;
				CLANG_CXX_LANGUAGE_STANDARD = "gnu++0x";
				CLANG_CXX_LIBRARY = "libc++";
				CLANG_ENABLE_MODULES = YES;
				CLANG_ENABLE_OBJC_ARC = YES;
				CLANG_WARN_BOOL_CONVERSION = YES;
				CLANG_WARN_CONSTANT_CONVERSION = YES;
				CLANG_WARN_DIRECT_OBJC_ISA_USAGE = YES_ERROR;
				CLANG_WARN_EMPTY_BODY = YES;
				CLANG_WARN_ENUM_CONVERSION = YES;
				CLANG_WARN_INT_CONVERSION = YES;
				CLANG_WARN_OBJC_ROOT_CLASS = YES_ERROR;
				CLANG_WARN_UNREACHABLE_CODE = YES;
				CLANG_WARN__DUPLICATE_METHOD_MATCH = YES;
				"CODE_SIGN_IDENTITY[sdk=iphoneos*]" = "iPhone Developer";
				COPY_PHASE_STRIP = YES;
				ENABLE_NS_ASSERTIONS = NO;
				ENABLE_STRICT_OBJC_MSGSEND = YES;
				GCC_C_LANGUAGE_STANDARD = gnu99;
				GCC_WARN_64_TO_32_BIT_CONVERSION = YES;
				GCC_WARN_ABOUT_RETURN_TYPE = YES_ERROR;
				GCC_WARN_UNDECLARED_SELECTOR = YES;
				GCC_WARN_UNINITIALIZED_AUTOS = YES_AGGRESSIVE;
				GCC_WARN_UNUSED_FUNCTION = YES;
				GCC_WARN_UNUSED_VARIABLE = YES;
				IPHONEOS_DEPLOYMENT_TARGET = 8.0;
				MTL_ENABLE_DEBUG_INFO = NO;
				SDKROOT = iphoneos;
				VALIDATE_PRODUCT = YES;
			};
			name = Release;
		};
		6A63CFB819E9F0E300B0592A /* Debug */ = {
			isa = XCBuildConfiguration;
			buildSettings = {
				ASSETCATALOG_COMPILER_APPICON_NAME = AppIcon;
				INFOPLIST_FILE = Matchismo/Info.plist;
				LD_RUNPATH_SEARCH_PATHS = "$(inherited) @executable_path/Frameworks";
				PRODUCT_NAME = "$(TARGET_NAME)";
			};
			name = Debug;
		};
		6A63CFB919E9F0E300B0592A /* Release */ = {
			isa = XCBuildConfiguration;
			buildSettings = {
				ASSETCATALOG_COMPILER_APPICON_NAME = AppIcon;
				INFOPLIST_FILE = Matchismo/Info.plist;
				LD_RUNPATH_SEARCH_PATHS = "$(inherited) @executable_path/Frameworks";
				PRODUCT_NAME = "$(TARGET_NAME)";
			};
			name = Release;
		};
		6A63CFBB19E9F0E300B0592A /* Debug */ = {
			isa = XCBuildConfiguration;
			buildSettings = {
				BUNDLE_LOADER = "$(TEST_HOST)";
				FRAMEWORK_SEARCH_PATHS = (
					"$(SDKROOT)/Developer/Library/Frameworks",
					"$(inherited)",
				);
				GCC_PREPROCESSOR_DEFINITIONS = (
					"DEBUG=1",
					"$(inherited)",
				);
				INFOPLIST_FILE = MatchismoTests/Info.plist;
				LD_RUNPATH_SEARCH_PATHS = "$(inherited) @executable_path/Frameworks @loader_path/Frameworks";
				PRODUCT_NAME = "$(TARGET_NAME)";
				TEST_HOST = "$(BUILT_PRODUCTS_DIR)/Matchismo.app/Matchismo";
			};
			name = Debug;
		};
		6A63CFBC19E9F0E300B0592A /* Release */ = {
			isa = XCBuildConfiguration;
			buildSettings = {
				BUNDLE_LOADER = "$(TEST_HOST)";
				FRAMEWORK_SEARCH_PATHS = (
					"$(SDKROOT)/Developer/Library/Frameworks",
					"$(inherited)",
				);
				INFOPLIST_FILE = MatchismoTests/Info.plist;
				LD_RUNPATH_SEARCH_PATHS = "$(inherited) @executable_path/Frameworks @loader_path/Frameworks";
				PRODUCT_NAME = "$(TARGET_NAME)";
				TEST_HOST = "$(BUILT_PRODUCTS_DIR)/Matchismo.app/Matchismo";
			};
			name = Release;
		};
/* End XCBuildConfiguration section */

/* Begin XCConfigurationList section */
		6A63CF9319E9F0E300B0592A /* Build configuration list for PBXProject "Matchismo" */ = {
			isa = XCConfigurationList;
			buildConfigurations = (
				6A63CFB519E9F0E300B0592A /* Debug */,
				6A63CFB619E9F0E300B0592A /* Release */,
			);
			defaultConfigurationIsVisible = 0;
			defaultConfigurationName = Release;
		};
		6A63CFB719E9F0E300B0592A /* Build configuration list for PBXNativeTarget "Matchismo" */ = {
			isa = XCConfigurationList;
			buildConfigurations = (
				6A63CFB819E9F0E300B0592A /* Debug */,
				6A63CFB919E9F0E300B0592A /* Release */,
			);
			defaultConfigurationIsVisible = 0;
			defaultConfigurationName = Release;
		};
		6A63CFBA19E9F0E300B0592A /* Build configuration list for PBXNativeTarget "MatchismoTests" */ = {
			isa = XCConfigurationList;
			buildConfigurations = (
				6A63CFBB19E9F0E300B0592A /* Debug */,
				6A63CFBC19E9F0E300B0592A /* Release */,
			);
			defaultConfigurationIsVisible = 0;
			defaultConfigurationName = Release;
		};
/* End XCConfigurationList section */
	};
	rootObject = 6A63CF9019E9F0E300B0592A /* Project object */;
}
